
Microsoft Visual Studio Solution File, Format Version 12.00
# Visual Studio 2012
Project("{2150E333-8FDC-42A3-9474-1A3956D46DE8}") = "1.Presentation", "1.Presentation", "{06A35726-34DF-47F9-ADEA-1D5E9EC7DCDE}"
EndProject
Project("{2150E333-8FDC-42A3-9474-1A3956D46DE8}") = "2.Application", "2.Application", "{FAB6A431-8E24-41C6-9F7F-2C82B90F5144}"
EndProject
Project("{2150E333-8FDC-42A3-9474-1A3956D46DE8}") = "3.Domain", "3.Domain", "{334E698A-4DE5-4387-AFDF-0541494BB5FB}"
EndProject
Project("{FAE04EC0-301F-11D3-BF4B-00C04F79EFBC}") = "Domain.Entities", "Domain\Entities\Domain.Entities.csproj", "{70D6130F-7E6D-418E-8329-9BA0508D97AF}"
EndProject
Project("{FAE04EC0-301F-11D3-BF4B-00C04F79EFBC}") = "Domain.MainBoundedContext", "Domain\MainBoundedContext\Domain.MainBoundedContext.csproj", "{CF7DC93E-76A6-4C63-8AE8-806BA4D0CD9E}"
EndProject
Project("{FAE04EC0-301F-11D3-BF4B-00C04F79EFBC}") = "Domain.MainBoundedContext.Test", "Domain\MainBoundedContext.Test\Domain.MainBoundedContext.Test.csproj", "{A35463DB-5D9B-4EE3-A1A2-DF3DAAD056E7}"
EndProject
Project("{FAE04EC0-301F-11D3-BF4B-00C04F79EFBC}") = "Application.Dto", "Application\Dto\Application.Dto.csproj", "{438A93B0-6FDC-4733-A62D-2C09D09465B2}"
EndProject
Project("{FAE04EC0-301F-11D3-BF4B-00C04F79EFBC}") = "Application.EntityDtoProfile", "Application\EntityDtoProfile\Application.EntityDtoProfile.csproj", "{6398C665-8419-4DF0-8CF0-B0D6FFA7CA10}"
EndProject
Project("{FAE04EC0-301F-11D3-BF4B-00C04F79EFBC}") = "Application.MainBoundedContext", "Application\MainBoundedContext\Application.MainBoundedContext.csproj", "{68B27107-9BE6-49D1-89C4-CFED872B2F1B}"
EndProject
Project("{FAE04EC0-301F-11D3-BF4B-00C04F79EFBC}") = "Application.MainBoundedContext.Test", "Application\MainBoundedContext.Test\Application.MainBoundedContext.Test.csproj", "{CFF7CD41-CB0F-4423-988D-A971A75DC5F8}"
EndProject
Project("{FAE04EC0-301F-11D3-BF4B-00C04F79EFBC}") = "CompositionRoot", "Presentation\CompositionRoot\CompositionRoot.csproj", "{FB8621C0-9204-4E35-B005-ED72D5BB06EA}"
EndProject
Project("{2150E333-8FDC-42A3-9474-1A3956D46DE8}") = ".nuget", ".nuget", "{D523463E-7991-4362-A25F-007E76069535}"
	ProjectSection(SolutionItems) = preProject
		.nuget\NuGet.Config = .nuget\NuGet.Config
		.nuget\NuGet.exe = .nuget\NuGet.exe
		.nuget\NuGet.targets = .nuget\NuGet.targets
	EndProjectSection
EndProject
Project("{FAE04EC0-301F-11D3-BF4B-00C04F79EFBC}") = "ServerWebApp", "Presentation\WebApp\ServerWebApp.csproj", "{3684B7DC-210A-43C3-8520-7EBC3E04C214}"
EndProject
Project("{FAE04EC0-301F-11D3-BF4B-00C04F79EFBC}") = "Application.CasHander", "Application\Application.CasHander\Application.CasHander.csproj", "{BBDEF304-594C-487F-8DCF-63309BC56B40}"
EndProject
Project("{FAE04EC0-301F-11D3-BF4B-00C04F79EFBC}") = "Application.Config", "Application\Application.Config\Application.Config.csproj", "{591BB180-63B5-4D61-9867-3A27173B2B93}"
EndProject
Project("{FAE04EC0-301F-11D3-BF4B-00C04F79EFBC}") = "WebApp.Test", "Presentation\WebApp.Test\WebApp.Test.csproj", "{8DA01BAC-0591-438A-998F-BEC2DDFEFE58}"
EndProject
Project("{2150E333-8FDC-42A3-9474-1A3956D46DE8}") = "CASLIB", "CASLIB", "{3459B1AB-736F-491E-B90A-E8A44722162B}"
EndProject
Project("{FAE04EC0-301F-11D3-BF4B-00C04F79EFBC}") = "Dev.CasServer", "CASLIB\Dev.CasServer\Dev.CasServer.csproj", "{DE2EF6A3-9726-4B09-99FD-9A3D4AEF6FC8}"
EndProject
Project("{2150E333-8FDC-42A3-9474-1A3956D46DE8}") = "Solution Items", "Solution Items", "{FDE1397B-C20E-4C91-8484-B371FA31C89A}"
	ProjectSection(SolutionItems) = preProject
		README.md = README.md
	EndProjectSection
EndProject
Project("{FAE04EC0-301F-11D3-BF4B-00C04F79EFBC}") = "NCAS", "CASLIB\NCAS\NCAS.csproj", "{5C95A9C4-E1E4-4824-84FD-82B1D923C4DD}"
EndProject
Project("{FAE04EC0-301F-11D3-BF4B-00C04F79EFBC}") = "NCAS.Test", "CASLIB\NCAS.Test\NCAS.Test.csproj", "{F899AB5D-85C6-4C6C-BD42-887267311E80}"
EndProject
Global
	GlobalSection(SolutionConfigurationPlatforms) = preSolution
		Debug|Any CPU = Debug|Any CPU
		Release|Any CPU = Release|Any CPU
	EndGlobalSection
	GlobalSection(ProjectConfigurationPlatforms) = postSolution
		{70D6130F-7E6D-418E-8329-9BA0508D97AF}.Debug|Any CPU.ActiveCfg = Debug|Any CPU
		{70D6130F-7E6D-418E-8329-9BA0508D97AF}.Debug|Any CPU.Build.0 = Debug|Any CPU
		{70D6130F-7E6D-418E-8329-9BA0508D97AF}.Release|Any CPU.ActiveCfg = Release|Any CPU
		{70D6130F-7E6D-418E-8329-9BA0508D97AF}.Release|Any CPU.Build.0 = Release|Any CPU
		{CF7DC93E-76A6-4C63-8AE8-806BA4D0CD9E}.Debug|Any CPU.ActiveCfg = Debug|Any CPU
		{CF7DC93E-76A6-4C63-8AE8-806BA4D0CD9E}.Debug|Any CPU.Build.0 = Debug|Any CPU
		{CF7DC93E-76A6-4C63-8AE8-806BA4D0CD9E}.Release|Any CPU.ActiveCfg = Release|Any CPU
		{CF7DC93E-76A6-4C63-8AE8-806BA4D0CD9E}.Release|Any CPU.Build.0 = Release|Any CPU
		{A35463DB-5D9B-4EE3-A1A2-DF3DAAD056E7}.Debug|Any CPU.ActiveCfg = Debug|Any CPU
		{A35463DB-5D9B-4EE3-A1A2-DF3DAAD056E7}.Debug|Any CPU.Build.0 = Debug|Any CPU
		{A35463DB-5D9B-4EE3-A1A2-DF3DAAD056E7}.Release|Any CPU.ActiveCfg = Release|Any CPU
		{A35463DB-5D9B-4EE3-A1A2-DF3DAAD056E7}.Release|Any CPU.Build.0 = Release|Any CPU
		{438A93B0-6FDC-4733-A62D-2C09D09465B2}.Debug|Any CPU.ActiveCfg = Debug|Any CPU
		{438A93B0-6FDC-4733-A62D-2C09D09465B2}.Debug|Any CPU.Build.0 = Debug|Any CPU
		{438A93B0-6FDC-4733-A62D-2C09D09465B2}.Release|Any CPU.ActiveCfg = Release|Any CPU
		{438A93B0-6FDC-4733-A62D-2C09D09465B2}.Release|Any CPU.Build.0 = Release|Any CPU
		{6398C665-8419-4DF0-8CF0-B0D6FFA7CA10}.Debug|Any CPU.ActiveCfg = Debug|Any CPU
		{6398C665-8419-4DF0-8CF0-B0D6FFA7CA10}.Debug|Any CPU.Build.0 = Debug|Any CPU
		{6398C665-8419-4DF0-8CF0-B0D6FFA7CA10}.Release|Any CPU.ActiveCfg = Release|Any CPU
		{6398C665-8419-4DF0-8CF0-B0D6FFA7CA10}.Release|Any CPU.Build.0 = Release|Any CPU
		{68B27107-9BE6-49D1-89C4-CFED872B2F1B}.Debug|Any CPU.ActiveCfg = Debug|Any CPU
		{68B27107-9BE6-49D1-89C4-CFED872B2F1B}.Debug|Any CPU.Build.0 = Debug|Any CPU
		{68B27107-9BE6-49D1-89C4-CFED872B2F1B}.Release|Any CPU.ActiveCfg = Release|Any CPU
		{68B27107-9BE6-49D1-89C4-CFED872B2F1B}.Release|Any CPU.Build.0 = Release|Any CPU
		{CFF7CD41-CB0F-4423-988D-A971A75DC5F8}.Debug|Any CPU.ActiveCfg = Debug|Any CPU
		{CFF7CD41-CB0F-4423-988D-A971A75DC5F8}.Debug|Any CPU.Build.0 = Debug|Any CPU
		{CFF7CD41-CB0F-4423-988D-A971A75DC5F8}.Release|Any CPU.ActiveCfg = Release|Any CPU
		{CFF7CD41-CB0F-4423-988D-A971A75DC5F8}.Release|Any CPU.Build.0 = Release|Any CPU
		{FB8621C0-9204-4E35-B005-ED72D5BB06EA}.Debug|Any CPU.ActiveCfg = Debug|Any CPU
		{FB8621C0-9204-4E35-B005-ED72D5BB06EA}.Debug|Any CPU.Build.0 = Debug|Any CPU
		{FB8621C0-9204-4E35-B005-ED72D5BB06EA}.Release|Any CPU.ActiveCfg = Release|Any CPU
		{FB8621C0-9204-4E35-B005-ED72D5BB06EA}.Release|Any CPU.Build.0 = Release|Any CPU
		{3684B7DC-210A-43C3-8520-7EBC3E04C214}.Debug|Any CPU.ActiveCfg = Debug|Any CPU
		{3684B7DC-210A-43C3-8520-7EBC3E04C214}.Debug|Any CPU.Build.0 = Debug|Any CPU
		{3684B7DC-210A-43C3-8520-7EBC3E04C214}.Release|Any CPU.ActiveCfg = Release|Any CPU
		{3684B7DC-210A-43C3-8520-7EBC3E04C214}.Release|Any CPU.Build.0 = Release|Any CPU
		{BBDEF304-594C-487F-8DCF-63309BC56B40}.Debug|Any CPU.ActiveCfg = Debug|Any CPU
		{BBDEF304-594C-487F-8DCF-63309BC56B40}.Debug|Any CPU.Build.0 = Debug|Any CPU
		{BBDEF304-594C-487F-8DCF-63309BC56B40}.Release|Any CPU.ActiveCfg = Release|Any CPU
		{BBDEF304-594C-487F-8DCF-63309BC56B40}.Release|Any CPU.Build.0 = Release|Any CPU
		{591BB180-63B5-4D61-9867-3A27173B2B93}.Debug|Any CPU.ActiveCfg = Debug|Any CPU
		{591BB180-63B5-4D61-9867-3A27173B2B93}.Debug|Any CPU.Build.0 = Debug|Any CPU
		{591BB180-63B5-4D61-9867-3A27173B2B93}.Release|Any CPU.ActiveCfg = Release|Any CPU
		{591BB180-63B5-4D61-9867-3A27173B2B93}.Release|Any CPU.Build.0 = Release|Any CPU
		{8DA01BAC-0591-438A-998F-BEC2DDFEFE58}.Debug|Any CPU.ActiveCfg = Debug|Any CPU
		{8DA01BAC-0591-438A-998F-BEC2DDFEFE58}.Debug|Any CPU.Build.0 = Debug|Any CPU
		{8DA01BAC-0591-438A-998F-BEC2DDFEFE58}.Release|Any CPU.ActiveCfg = Release|Any CPU
		{8DA01BAC-0591-438A-998F-BEC2DDFEFE58}.Release|Any CPU.Build.0 = Release|Any CPU
		{DE2EF6A3-9726-4B09-99FD-9A3D4AEF6FC8}.Debug|Any CPU.ActiveCfg = Debug|Any CPU
		{DE2EF6A3-9726-4B09-99FD-9A3D4AEF6FC8}.Debug|Any CPU.Build.0 = Debug|Any CPU
		{DE2EF6A3-9726-4B09-99FD-9A3D4AEF6FC8}.Release|Any CPU.ActiveCfg = Release|Any CPU
		{DE2EF6A3-9726-4B09-99FD-9A3D4AEF6FC8}.Release|Any CPU.Build.0 = Release|Any CPU
		{5C95A9C4-E1E4-4824-84FD-82B1D923C4DD}.Debug|Any CPU.ActiveCfg = Debug|Any CPU
		{5C95A9C4-E1E4-4824-84FD-82B1D923C4DD}.Debug|Any CPU.Build.0 = Debug|Any CPU
		{5C95A9C4-E1E4-4824-84FD-82B1D923C4DD}.Release|Any CPU.ActiveCfg = Release|Any CPU
		{5C95A9C4-E1E4-4824-84FD-82B1D923C4DD}.Release|Any CPU.Build.0 = Release|Any CPU
		{F899AB5D-85C6-4C6C-BD42-887267311E80}.Debug|Any CPU.ActiveCfg = Debug|Any CPU
		{F899AB5D-85C6-4C6C-BD42-887267311E80}.Debug|Any CPU.Build.0 = Debug|Any CPU
		{F899AB5D-85C6-4C6C-BD42-887267311E80}.Release|Any CPU.ActiveCfg = Release|Any CPU
		{F899AB5D-85C6-4C6C-BD42-887267311E80}.Release|Any CPU.Build.0 = Release|Any CPU
	EndGlobalSection
	GlobalSection(SolutionProperties) = preSolution
		HideSolutionNode = FALSE
	EndGlobalSection
	GlobalSection(NestedProjects) = preSolution
		{FB8621C0-9204-4E35-B005-ED72D5BB06EA} = {06A35726-34DF-47F9-ADEA-1D5E9EC7DCDE}
		{3684B7DC-210A-43C3-8520-7EBC3E04C214} = {06A35726-34DF-47F9-ADEA-1D5E9EC7DCDE}
		{8DA01BAC-0591-438A-998F-BEC2DDFEFE58} = {06A35726-34DF-47F9-ADEA-1D5E9EC7DCDE}
		{438A93B0-6FDC-4733-A62D-2C09D09465B2} = {FAB6A431-8E24-41C6-9F7F-2C82B90F5144}
		{6398C665-8419-4DF0-8CF0-B0D6FFA7CA10} = {FAB6A431-8E24-41C6-9F7F-2C82B90F5144}
		{68B27107-9BE6-49D1-89C4-CFED872B2F1B} = {FAB6A431-8E24-41C6-9F7F-2C82B90F5144}
		{CFF7CD41-CB0F-4423-988D-A971A75DC5F8} = {FAB6A431-8E24-41C6-9F7F-2C82B90F5144}
		{BBDEF304-594C-487F-8DCF-63309BC56B40} = {FAB6A431-8E24-41C6-9F7F-2C82B90F5144}
		{591BB180-63B5-4D61-9867-3A27173B2B93} = {FAB6A431-8E24-41C6-9F7F-2C82B90F5144}
		{70D6130F-7E6D-418E-8329-9BA0508D97AF} = {334E698A-4DE5-4387-AFDF-0541494BB5FB}
		{CF7DC93E-76A6-4C63-8AE8-806BA4D0CD9E} = {334E698A-4DE5-4387-AFDF-0541494BB5FB}
		{A35463DB-5D9B-4EE3-A1A2-DF3DAAD056E7} = {334E698A-4DE5-4387-AFDF-0541494BB5FB}
		{DE2EF6A3-9726-4B09-99FD-9A3D4AEF6FC8} = {3459B1AB-736F-491E-B90A-E8A44722162B}
		{5C95A9C4-E1E4-4824-84FD-82B1D923C4DD} = {3459B1AB-736F-491E-B90A-E8A44722162B}
		{F899AB5D-85C6-4C6C-BD42-887267311E80} = {3459B1AB-736F-491E-B90A-E8A44722162B}
	EndGlobalSection
EndGlobal
